
Microsoft Visual Studio Solution File, Format Version 12.00
# Visual Studio 14
VisualStudioVersion = 14.0.23107.0
MinimumVisualStudioVersion = 10.0.40219.1
Project("{FAE04EC0-301F-11D3-BF4B-00C04F79EFBC}") = "FkCarManager", "FkCarManager\FkCarManager.csproj", "{3CF66AED-4037-4EC0-B7D8-2C4C026B479F}"
	ProjectSection(ProjectDependencies) = postProject
		{C9974637-4E52-4D25-A2D8-8571321E5E93} = {C9974637-4E52-4D25-A2D8-8571321E5E93}
		{BC8C5163-FA26-4EA2-8B2E-4E74DD38F2A7} = {BC8C5163-FA26-4EA2-8B2E-4E74DD38F2A7}
		{5C7A068A-AF83-4AB1-B46C-095C25B3DE69} = {5C7A068A-AF83-4AB1-B46C-095C25B3DE69}
	EndProjectSection
EndProject
Project("{FAE04EC0-301F-11D3-BF4B-00C04F79EFBC}") = "DbTool", "..\Visual C#\SQLiteTest\SqliteTest\DbTool\DbTool.csproj", "{7DF1D5DF-5175-492C-8E60-A0C620AD0B0F}"
	ProjectSection(ProjectDependencies) = postProject
		{C9974637-4E52-4D25-A2D8-8571321E5E93} = {C9974637-4E52-4D25-A2D8-8571321E5E93}
	EndProjectSection
EndProject
Project("{FAE04EC0-301F-11D3-BF4B-00C04F79EFBC}") = "CommonUntil", "..\Visual C#\SQLiteTest\SqliteTest\CommonTool\CommonUntil.csproj", "{BC8C5163-FA26-4EA2-8B2E-4E74DD38F2A7}"
EndProject
Project("{FAE04EC0-301F-11D3-BF4B-00C04F79EFBC}") = "FkCarBLL", "FkCarBll\FkCarBLL.csproj", "{5C7A068A-AF83-4AB1-B46C-095C25B3DE69}"
	ProjectSection(ProjectDependencies) = postProject
		{C9974637-4E52-4D25-A2D8-8571321E5E93} = {C9974637-4E52-4D25-A2D8-8571321E5E93}
		{BC8C5163-FA26-4EA2-8B2E-4E74DD38F2A7} = {BC8C5163-FA26-4EA2-8B2E-4E74DD38F2A7}
		{7DF1D5DF-5175-492C-8E60-A0C620AD0B0F} = {7DF1D5DF-5175-492C-8E60-A0C620AD0B0F}
	EndProjectSection
EndProject
Project("{FAE04EC0-301F-11D3-BF4B-00C04F79EFBC}") = "FkCarModel", "FkCarModle\FkCarModel.csproj", "{C9974637-4E52-4D25-A2D8-8571321E5E93}"
	ProjectSection(ProjectDependencies) = postProject
		{BC8C5163-FA26-4EA2-8B2E-4E74DD38F2A7} = {BC8C5163-FA26-4EA2-8B2E-4E74DD38F2A7}
	EndProjectSection
EndProject
Project("{FAE04EC0-301F-11D3-BF4B-00C04F79EFBC}") = "SysUnitTest", "SysUnitTest\SysUnitTest.csproj", "{7B68B04D-673F-4F1B-B508-0E00E0C81CD9}"
	ProjectSection(ProjectDependencies) = postProject
		{C9974637-4E52-4D25-A2D8-8571321E5E93} = {C9974637-4E52-4D25-A2D8-8571321E5E93}
		{BC8C5163-FA26-4EA2-8B2E-4E74DD38F2A7} = {BC8C5163-FA26-4EA2-8B2E-4E74DD38F2A7}
		{5C7A068A-AF83-4AB1-B46C-095C25B3DE69} = {5C7A068A-AF83-4AB1-B46C-095C25B3DE69}
		{7DF1D5DF-5175-492C-8E60-A0C620AD0B0F} = {7DF1D5DF-5175-492C-8E60-A0C620AD0B0F}
	EndProjectSection
EndProject
Project("{F088123C-0E9E-452A-89E6-6BA2F21D5CAC}") = "FkCarUML", "FkCarUML\FkCarUML.modelproj", "{C201BFF1-C014-49B2-AF26-5BCAA2483ED7}"
EndProject
Global
	GlobalSection(SolutionConfigurationPlatforms) = preSolution
		Debug|Any CPU = Debug|Any CPU
		Debug|x86 = Debug|x86
		Release|Any CPU = Release|Any CPU
		Release|x86 = Release|x86
	EndGlobalSection
	GlobalSection(ProjectConfigurationPlatforms) = postSolution
		{3CF66AED-4037-4EC0-B7D8-2C4C026B479F}.Debug|Any CPU.ActiveCfg = Debug|Any CPU
		{3CF66AED-4037-4EC0-B7D8-2C4C026B479F}.Debug|Any CPU.Build.0 = Debug|Any CPU
		{3CF66AED-4037-4EC0-B7D8-2C4C026B479F}.Debug|x86.ActiveCfg = Debug|Any CPU
		{3CF66AED-4037-4EC0-B7D8-2C4C026B479F}.Release|Any CPU.ActiveCfg = Release|Any CPU
		{3CF66AED-4037-4EC0-B7D8-2C4C026B479F}.Release|Any CPU.Build.0 = Release|Any CPU
		{3CF66AED-4037-4EC0-B7D8-2C4C026B479F}.Release|x86.ActiveCfg = Release|Any CPU
		{7DF1D5DF-5175-492C-8E60-A0C620AD0B0F}.Debug|Any CPU.ActiveCfg = Debug|Any CPU
		{7DF1D5DF-5175-492C-8E60-A0C620AD0B0F}.Debug|Any CPU.Build.0 = Debug|Any CPU
		{7DF1D5DF-5175-492C-8E60-A0C620AD0B0F}.Debug|x86.ActiveCfg = Debug|x86
		{7DF1D5DF-5175-492C-8E60-A0C620AD0B0F}.Debug|x86.Build.0 = Debug|x86
		{7DF1D5DF-5175-492C-8E60-A0C620AD0B0F}.Release|Any CPU.ActiveCfg = Release|Any CPU
		{7DF1D5DF-5175-492C-8E60-A0C620AD0B0F}.Release|Any CPU.Build.0 = Release|Any CPU
		{7DF1D5DF-5175-492C-8E60-A0C620AD0B0F}.Release|x86.ActiveCfg = Release|x86
		{7DF1D5DF-5175-492C-8E60-A0C620AD0B0F}.Release|x86.Build.0 = Release|x86
		{BC8C5163-FA26-4EA2-8B2E-4E74DD38F2A7}.Debug|Any CPU.ActiveCfg = Debug|Any CPU
		{BC8C5163-FA26-4EA2-8B2E-4E74DD38F2A7}.Debug|Any CPU.Build.0 = Debug|Any CPU
		{BC8C5163-FA26-4EA2-8B2E-4E74DD38F2A7}.Debug|x86.ActiveCfg = Debug|Any CPU
		{BC8C5163-FA26-4EA2-8B2E-4E74DD38F2A7}.Release|Any CPU.ActiveCfg = Release|Any CPU
		{BC8C5163-FA26-4EA2-8B2E-4E74DD38F2A7}.Release|Any CPU.Build.0 = Release|Any CPU
		{BC8C5163-FA26-4EA2-8B2E-4E74DD38F2A7}.Release|x86.ActiveCfg = Release|Any CPU
		{5C7A068A-AF83-4AB1-B46C-095C25B3DE69}.Debug|Any CPU.ActiveCfg = Debug|Any CPU
		{5C7A068A-AF83-4AB1-B46C-095C25B3DE69}.Debug|Any CPU.Build.0 = Debug|Any CPU
		{5C7A068A-AF83-4AB1-B46C-095C25B3DE69}.Debug|x86.ActiveCfg = Debug|Any CPU
		{5C7A068A-AF83-4AB1-B46C-095C25B3DE69}.Release|Any CPU.ActiveCfg = Release|Any CPU
		{5C7A068A-AF83-4AB1-B46C-095C25B3DE69}.Release|Any CPU.Build.0 = Release|Any CPU
		{5C7A068A-AF83-4AB1-B46C-095C25B3DE69}.Release|x86.ActiveCfg = Release|Any CPU
		{C9974637-4E52-4D25-A2D8-8571321E5E93}.Debug|Any CPU.ActiveCfg = Debug|Any CPU
		{C9974637-4E52-4D25-A2D8-8571321E5E93}.Debug|Any CPU.Build.0 = Debug|Any CPU
		{C9974637-4E52-4D25-A2D8-8571321E5E93}.Debug|x86.ActiveCfg = Debug|Any CPU
		{C9974637-4E52-4D25-A2D8-8571321E5E93}.Release|Any CPU.ActiveCfg = Release|Any CPU
		{C9974637-4E52-4D25-A2D8-8571321E5E93}.Release|Any CPU.Build.0 = Release|Any CPU
		{C9974637-4E52-4D25-A2D8-8571321E5E93}.Release|x86.ActiveCfg = Release|Any CPU
		{7B68B04D-673F-4F1B-B508-0E00E0C81CD9}.Debug|Any CPU.ActiveCfg = Debug|Any CPU
		{7B68B04D-673F-4F1B-B508-0E00E0C81CD9}.Debug|Any CPU.Build.0 = Debug|Any CPU
		{7B68B04D-673F-4F1B-B508-0E00E0C81CD9}.Debug|x86.ActiveCfg = Debug|Any CPU
		{7B68B04D-673F-4F1B-B508-0E00E0C81CD9}.Release|Any CPU.ActiveCfg = Release|Any CPU
		{7B68B04D-673F-4F1B-B508-0E00E0C81CD9}.Release|Any CPU.Build.0 = Release|Any CPU
		{7B68B04D-673F-4F1B-B508-0E00E0C81CD9}.Release|x86.ActiveCfg = Release|Any CPU
		{C201BFF1-C014-49B2-AF26-5BCAA2483ED7}.Debug|Any CPU.ActiveCfg = Debug|Any CPU
		{C201BFF1-C014-49B2-AF26-5BCAA2483ED7}.Debug|Any CPU.Build.0 = Debug|Any CPU
		{C201BFF1-C014-49B2-AF26-5BCAA2483ED7}.Debug|x86.ActiveCfg = Debug|Any CPU
		{C201BFF1-C014-49B2-AF26-5BCAA2483ED7}.Release|Any CPU.ActiveCfg = Release|Any CPU
		{C201BFF1-C014-49B2-AF26-5BCAA2483ED7}.Release|Any CPU.Build.0 = Release|Any CPU
		{C201BFF1-C014-49B2-AF26-5BCAA2483ED7}.Release|x86.ActiveCfg = Release|Any CPU
	EndGlobalSection
	GlobalSection(SolutionProperties) = preSolution
		HideSolutionNode = FALSE
	EndGlobalSection
EndGlobal
